{
  "nodes": {
    "apple-silicon-support": {
      "inputs": {
        "flake-compat": "flake-compat",
        "nixpkgs": [
          "nixpkgs"
        ]
      },
      "locked": {
        "lastModified": 1746909655,
        "narHash": "sha256-F3Ma9Yh38NFNHVQEkNCMZZKwfyYN/hHUKOwg1HjHHIw=",
        "owner": "tpwrules",
        "repo": "nixos-apple-silicon",
        "rev": "4829c0cee5887452eed32df61937bf20bc8032fe",
        "type": "github"
      },
      "original": {
        "owner": "tpwrules",
        "ref": "main",
        "repo": "nixos-apple-silicon",
        "type": "github"
      }
    },
    "flake-compat": {
      "locked": {
        "lastModified": 1688025799,
        "narHash": "sha256-ktpB4dRtnksm9F5WawoIkEneh1nrEvuxb5lJFt1iOyw=",
        "owner": "nix-community",
        "repo": "flake-compat",
        "rev": "8bf105319d44f6b9f0d764efa4fdef9f1cc9ba1c",
        "type": "github"
      },
      "original": {
        "owner": "nix-community",
        "repo": "flake-compat",
        "type": "github"
      }
    },
    "flake-parts": {
      "inputs": {
        "nixpkgs-lib": [
          "nurpkgs",
          "nixpkgs"
        ]
      },
      "locked": {
        "lastModified": 1733312601,
        "narHash": "sha256-4pDvzqnegAfRkPwO3wmwBhVi/Sye1mzps0zHWYnP88c=",
        "owner": "hercules-ci",
        "repo": "flake-parts",
        "rev": "205b12d8b7cd4802fbcb8e8ef6a0f1408781a4f9",
        "type": "github"
      },
      "original": {
        "owner": "hercules-ci",
        "repo": "flake-parts",
        "type": "github"
      }
    },
    "flake-utils": {
      "inputs": {
        "systems": "systems"
      },
      "locked": {
        "lastModified": 1731533236,
        "narHash": "sha256-l0KFg5HjrsfsO/JpG+r7fRrqm12kzFHyUHqHCVpMMbI=",
        "owner": "numtide",
        "repo": "flake-utils",
        "rev": "11707dc2f618dd54ca8739b309ec4fc024de578b",
        "type": "github"
      },
      "original": {
        "owner": "numtide",
        "repo": "flake-utils",
        "type": "github"
      }
    },
    "hardware": {
      "locked": {
        "lastModified": 1747129300,
        "narHash": "sha256-L3clA5YGeYCF47ghsI7Tcex+DnaaN/BbQ4dR2wzoiKg=",
        "owner": "nixos",
        "repo": "nixos-hardware",
        "rev": "e81fd167b33121269149c57806599045fd33eeed",
        "type": "github"
      },
      "original": {
        "owner": "nixos",
        "repo": "nixos-hardware",
        "type": "github"
      }
    },
    "home-manager": {
      "inputs": {
        "nixpkgs": [
          "nixpkgs"
        ]
      },
      "locked": {
        "lastModified": 1747439237,
        "narHash": "sha256-5rCGrnkglKKj4cav1U3HC+SIUNJh08pqOK4spQv9RjA=",
        "owner": "nix-community",
        "repo": "home-manager",
        "rev": "ae755329092c87369b9e9a1510a8cf1ce2b1c708",
        "type": "github"
      },
      "original": {
        "owner": "nix-community",
        "ref": "master",
        "repo": "home-manager",
        "type": "github"
      }
    },
    "home-manager_2": {
      "inputs": {
        "nixpkgs": [
          "zen-browser",
          "nixpkgs"
        ]
      },
      "locked": {
        "lastModified": 1743604125,
        "narHash": "sha256-ZD61DNbsBt1mQbinAaaEqKaJk2RFo9R/j+eYWeGMx7A=",
        "owner": "nix-community",
        "repo": "home-manager",
        "rev": "180fd43eea296e62ae68e079fcf56aba268b9a1a",
        "type": "github"
      },
      "original": {
        "owner": "nix-community",
        "repo": "home-manager",
        "type": "github"
      }
    },
    "nix-desktop": {
      "inputs": {
        "nixpkgs": [
          "nixpkgs"
        ]
      },
      "locked": {
        "lastModified": 1736288933,
        "narHash": "sha256-n5fQCaVBCvgef9lJoNPSx9K87YaN3VfAUOKWMHHEG6Y=",
        "owner": "cecilia-sanare",
        "repo": "nix-desktop",
        "rev": "5f810f291f9971cd70de97678bebdef78d71a868",
        "type": "github"
      },
      "original": {
        "owner": "cecilia-sanare",
        "ref": "unstable",
        "repo": "nix-desktop",
        "type": "github"
      }
    },
    "nix-flatpak": {
      "locked": {
        "lastModified": 1708268179,
        "narHash": "sha256-NNVuhf84AeDTxadfSGnFqPHR0ED+QyM2gmu+Wyz6PrY=",
        "owner": "gmodena",
        "repo": "nix-flatpak",
        "rev": "a243cb0522f6240c194b873dde68e25370b06034",
        "type": "github"
      },
      "original": {
        "owner": "gmodena",
        "ref": "v0.3.0",
        "repo": "nix-flatpak",
        "type": "github"
      }
    },
    "nix-formatter-pack": {
      "inputs": {
        "nixpkgs": [
          "nixpkgs"
        ],
        "nmd": "nmd",
        "nmt": "nmt"
      },
      "locked": {
        "lastModified": 1742249870,
        "narHash": "sha256-U37ECk3zpfp92D3H0gzfWPyb5sf0RdOdublCq1zjq+w=",
        "owner": "Gerschtli",
        "repo": "nix-formatter-pack",
        "rev": "fe5b4498e3161191bd93fe0683dff347f6f689df",
        "type": "github"
      },
      "original": {
        "owner": "Gerschtli",
        "repo": "nix-formatter-pack",
        "type": "github"
      }
    },
    "nix-vscode-extensions": {
      "inputs": {
        "flake-utils": "flake-utils",
        "nixpkgs": "nixpkgs"
      },
      "locked": {
        "lastModified": 1747446936,
        "narHash": "sha256-O5HLvg27oWAUHaZvAK8p30whJLlZSAUWMu7RZwWwX/0=",
        "owner": "nix-community",
        "repo": "nix-vscode-extensions",
        "rev": "c23c72f97fc61391f9022f5f426c1b737b2d639a",
        "type": "github"
      },
      "original": {
        "owner": "nix-community",
        "repo": "nix-vscode-extensions",
        "type": "github"
      }
    },
    "nixos": {
      "locked": {
        "lastModified": 1747327360,
        "narHash": "sha256-LSmTbiq/nqZR9B2t4MRnWG7cb0KVNU70dB7RT4+wYK4=",
        "owner": "NixOS",
        "repo": "nixpkgs",
        "rev": "e06158e58f3adee28b139e9c2bcfcc41f8625b46",
        "type": "github"
      },
      "original": {
        "id": "nixpkgs",
        "ref": "nixos-unstable",
        "type": "indirect"
      }
    },
    "nixpkgs": {
      "locked": {
        "lastModified": 1744868846,
        "narHash": "sha256-5RJTdUHDmj12Qsv7XOhuospjAjATNiTMElplWnJE9Hs=",
        "owner": "NixOS",
        "repo": "nixpkgs",
        "rev": "ebe4301cbd8f81c4f8d3244b3632338bbeb6d49c",
        "type": "github"
      },
      "original": {
        "owner": "NixOS",
        "repo": "nixpkgs",
        "rev": "ebe4301cbd8f81c4f8d3244b3632338bbeb6d49c",
        "type": "github"
      }
    },
    "nixpkgs-master": {
      "locked": {
        "lastModified": 1747503332,
        "narHash": "sha256-xsmP6MurO99zeGEXsLnWv5VAvNi1H/FqbAltAXmUYYc=",
        "owner": "nixos",
        "repo": "nixpkgs",
        "rev": "1782e6360d3ca98a3e9982cd3f58fa9851df491e",
        "type": "github"
      },
      "original": {
        "owner": "nixos",
        "ref": "master",
        "repo": "nixpkgs",
        "type": "github"
      }
    },
    "nixpkgs-stable": {
      "locked": {
        "lastModified": 1747335874,
        "narHash": "sha256-IKKIXTSYJMmUtE+Kav5Rob8SgLPnfnq4Qu8LyT4gdqQ=",
        "owner": "nixos",
        "repo": "nixpkgs",
        "rev": "ba8b70ee098bc5654c459d6a95dfc498b91ff858",
        "type": "github"
      },
      "original": {
        "owner": "nixos",
        "ref": "nixos-24.11",
        "repo": "nixpkgs",
        "type": "github"
      }
    },
    "nixpkgs_2": {
      "locked": {
        "lastModified": 1747327360,
        "narHash": "sha256-LSmTbiq/nqZR9B2t4MRnWG7cb0KVNU70dB7RT4+wYK4=",
        "owner": "NixOS",
        "repo": "nixpkgs",
        "rev": "e06158e58f3adee28b139e9c2bcfcc41f8625b46",
        "type": "github"
      },
      "original": {
        "owner": "NixOS",
        "ref": "nixos-unstable",
        "repo": "nixpkgs",
        "type": "github"
      }
    },
    "nixpkgs_3": {
      "locked": {
        "lastModified": 1747327360,
        "narHash": "sha256-LSmTbiq/nqZR9B2t4MRnWG7cb0KVNU70dB7RT4+wYK4=",
        "owner": "nixos",
        "repo": "nixpkgs",
        "rev": "e06158e58f3adee28b139e9c2bcfcc41f8625b46",
        "type": "github"
      },
      "original": {
        "owner": "nixos",
        "ref": "nixos-unstable",
        "repo": "nixpkgs",
        "type": "github"
      }
    },
    "nixpkgs_4": {
      "locked": {
        "lastModified": 1743448293,
        "narHash": "sha256-bmEPmSjJakAp/JojZRrUvNcDX2R5/nuX6bm+seVaGhs=",
        "owner": "nixos",
        "repo": "nixpkgs",
        "rev": "77b584d61ff80b4cef9245829a6f1dfad5afdfa3",
        "type": "github"
      },
      "original": {
        "owner": "nixos",
        "ref": "nixos-unstable",
        "repo": "nixpkgs",
        "type": "github"
      }
    },
    "nmd": {
      "flake": false,
      "locked": {
        "lastModified": 1666190571,
        "narHash": "sha256-Z1hc7M9X6L+H83o9vOprijpzhTfOBjd0KmUTnpHAVjA=",
        "owner": "rycee",
        "repo": "nmd",
        "rev": "b75d312b4f33bd3294cd8ae5c2ca8c6da2afc169",
        "type": "gitlab"
      },
      "original": {
        "owner": "rycee",
        "repo": "nmd",
        "type": "gitlab"
      }
    },
    "nmt": {
      "flake": false,
      "locked": {
        "lastModified": 1648075362,
        "narHash": "sha256-u36WgzoA84dMVsGXzml4wZ5ckGgfnvS0ryzo/3zn/Pc=",
        "owner": "rycee",
        "repo": "nmt",
        "rev": "d83601002c99b78c89ea80e5e6ba21addcfe12ae",
        "type": "gitlab"
      },
      "original": {
        "owner": "rycee",
        "repo": "nmt",
        "type": "gitlab"
      }
    },
    "nurpkgs": {
      "inputs": {
        "flake-parts": "flake-parts",
        "nixpkgs": "nixpkgs_3",
        "treefmt-nix": "treefmt-nix"
      },
      "locked": {
        "lastModified": 1747500759,
        "narHash": "sha256-fhpWSm5LkU2Tn5vpZYLDQEyDMStLdi+c7ldQydNMKJ8=",
        "owner": "nix-community",
        "repo": "NUR",
        "rev": "842e7f8498569deddd483202a44fb2247d583b9c",
        "type": "github"
      },
      "original": {
        "owner": "nix-community",
        "repo": "NUR",
        "type": "github"
      }
    },
    "protontweaks": {
      "inputs": {
        "nixpkgs": [
          "nixpkgs"
        ]
      },
      "locked": {
        "lastModified": 1736800171,
        "narHash": "sha256-CWPXFNjDrZo5I9/eItU+aWu8uY8U+r9vdKkJ6/tlicM=",
        "owner": "ribbon-studios",
        "repo": "protontweaks",
        "rev": "2adf239575a7fb93f1c3dd70dfa1bf13c5b9a378",
        "type": "github"
      },
      "original": {
        "owner": "ribbon-studios",
        "ref": "main",
        "repo": "protontweaks",
        "type": "github"
      }
    },
    "root": {
      "inputs": {
        "apple-silicon-support": "apple-silicon-support",
        "hardware": "hardware",
        "home-manager": "home-manager",
        "nix-desktop": "nix-desktop",
        "nix-flatpak": "nix-flatpak",
        "nix-formatter-pack": "nix-formatter-pack",
        "nix-vscode-extensions": "nix-vscode-extensions",
        "nixos": "nixos",
        "nixpkgs": "nixpkgs_2",
        "nixpkgs-master": "nixpkgs-master",
        "nixpkgs-stable": "nixpkgs-stable",
        "nurpkgs": "nurpkgs",
        "protontweaks": "protontweaks",
        "smart-open": "smart-open",
        "zen-browser": "zen-browser"
      }
    },
    "smart-open": {
      "inputs": {
        "nixpkgs": [
          "nixpkgs"
        ]
      },
      "locked": {
        "lastModified": 1709495357,
        "narHash": "sha256-x73RhMRLqdwn/SpMwpFNpoFT+Gw6J+eG3VEOUpRhYxk=",
        "owner": "ribbon-studios",
        "repo": "smart-open",
        "rev": "55ebaf96b5e021d08d63171317eb9ecd772fb25c",
        "type": "github"
      },
      "original": {
        "owner": "ribbon-studios",
        "ref": "v0.1.4",
        "repo": "smart-open",
        "type": "github"
      }
    },
    "systems": {
      "locked": {
        "lastModified": 1681028828,
        "narHash": "sha256-Vy1rq5AaRuLzOxct8nz4T6wlgyUR7zLU309k9mBC768=",
        "owner": "nix-systems",
        "repo": "default",
        "rev": "da67096a3b9bf56a91d16901293e51ba5b49a27e",
        "type": "github"
      },
      "original": {
        "owner": "nix-systems",
        "repo": "default",
        "type": "github"
      }
    },
    "treefmt-nix": {
      "inputs": {
        "nixpkgs": [
          "nurpkgs",
          "nixpkgs"
        ]
      },
      "locked": {
        "lastModified": 1733222881,
        "narHash": "sha256-JIPcz1PrpXUCbaccEnrcUS8jjEb/1vJbZz5KkobyFdM=",
        "owner": "numtide",
        "repo": "treefmt-nix",
        "rev": "49717b5af6f80172275d47a418c9719a31a78b53",
        "type": "github"
      },
      "original": {
        "owner": "numtide",
        "repo": "treefmt-nix",
        "type": "github"
      }
    },
    "zen-browser": {
      "inputs": {
        "home-manager": "home-manager_2",
        "nixpkgs": "nixpkgs_4"
      },
      "locked": {
        "lastModified": 1747498955,
        "narHash": "sha256-5oCFCO/ELjAPL2a2DIrum/3+xMYcTxfKPvVi7EVEEAM=",
        "owner": "0xc000022070",
        "repo": "zen-browser-flake",
        "rev": "79c8bd69580ce3698ba05830c6acacc7e3ebd8f1",
        "type": "github"
      },
      "original": {
        "owner": "0xc000022070",
        "repo": "zen-browser-flake",
        "type": "github"
      }
    }
  },
  "root": "root",
  "version": 7
}
